
Microsoft Visual Studio Solution File, Format Version 12.00
# Visual Studio Version 16
VisualStudioVersion = 16.0.30621.155
MinimumVisualStudioVersion = 10.0.40219.1
Project("{FAE04EC0-301F-11D3-BF4B-00C04F79EFBC}") = "Biblioteca", "Biblioteca.csproj", "{B530665A-CE85-4ED8-9C44-C748EC62BCF7}"
EndProject
Global
	GlobalSection(SolutionConfigurationPlatforms) = preSolution
		Debug|Any CPU = Debug|Any CPU
		Release|Any CPU = Release|Any CPU
	EndGlobalSection
	GlobalSection(ProjectConfigurationPlatforms) = postSolution
		{B530665A-CE85-4ED8-9C44-C748EC62BCF7}.Debug|Any CPU.ActiveCfg = Debug|Any CPU
		{B530665A-CE85-4ED8-9C44-C748EC62BCF7}.Debug|Any CPU.Build.0 = Debug|Any CPU
		{B530665A-CE85-4ED8-9C44-C748EC62BCF7}.Release|Any CPU.ActiveCfg = Release|Any CPU
		{B530665A-CE85-4ED8-9C44-C748EC62BCF7}.Release|Any CPU.Build.0 = Release|Any CPU
	EndGlobalSection
	GlobalSection(SolutionProperties) = preSolution
		HideSolutionNode = FALSE
	EndGlobalSection
	GlobalSection(ExtensibilityGlobals) = postSolution
		SolutionGuid = {091C05D0-E829-4407-B56A-C34E8E7B7025}
	EndGlobalSection
EndGlobal
